
Microsoft Visual Studio Solution File, Format Version 12.00
# Visual Studio Version 16
VisualStudioVersion = 16.0.29025.244
MinimumVisualStudioVersion = 10.0.40219.1
Project("{888888A0-9F3D-457C-B088-3A5042F75D52}") = "merge_pdf", "merge_pdf\merge_pdf.pyproj", "{A787A5F0-8850-4DD0-A30E-A797D5E21ECC}"
EndProject
Global
	GlobalSection(SolutionConfigurationPlatforms) = preSolution
		Debug|Any CPU = Debug|Any CPU
		Release|Any CPU = Release|Any CPU
	EndGlobalSection
	GlobalSection(ProjectConfigurationPlatforms) = postSolution
		{A787A5F0-8850-4DD0-A30E-A797D5E21ECC}.Debug|Any CPU.ActiveCfg = Debug|Any CPU
		{A787A5F0-8850-4DD0-A30E-A797D5E21ECC}.Release|Any CPU.ActiveCfg = Release|Any CPU
	EndGlobalSection
	GlobalSection(SolutionProperties) = preSolution
		HideSolutionNode = FALSE
	EndGlobalSection
	GlobalSection(ExtensibilityGlobals) = postSolution
		SolutionGuid = {ADCBEF67-BECA-4381-9F4D-83F0CCF53AB2}
	EndGlobalSection
EndGlobal
